{
  "projects": [
    {
      "projectId": "ohDidvG9XsCeFumugENU3J",
      "version": "6.35.0",
      "dependencies": {},
      "lang": "ts",
      "fileLocks": [
        {
          "assetId": "ohDidvG9XsCeFumugENU3J",
          "checksum": "f35a7050af9ad27b5adac4d101d88037",
          "type": "globalContexts"
        },
        {
          "assetId": "ohDidvG9XsCeFumugENU3J",
          "type": "projectCss",
          "checksum": "c33cca495b4f537180cbc434c3f872b9"
        },
        {
          "assetId": "ohDidvG9XsCeFumugENU3J",
          "checksum": "c425737058d1ac29382a23e54666cb69",
          "type": "projectModule"
        },
        {
          "assetId": "ohDidvG9XsCeFumugENU3J",
          "checksum": "39f2bd024eac89b20b4a8ed8ef628efd",
          "type": "styleTokensProvider"
        }
      ],
      "codegenVersion": "0.0.2"
    },
    {
      "projectId": "caTPwKxj5ZrD9LQ7DMdK4Z",
      "version": "3.47.0",
      "dependencies": {},
      "lang": "ts",
      "fileLocks": [
        {
          "assetId": "caTPwKxj5ZrD9LQ7DMdK4Z",
          "type": "projectCss",
          "checksum": "56a5d447501c0753e4cf451641894e78"
        },
        {
          "assetId": "caTPwKxj5ZrD9LQ7DMdK4Z",
          "checksum": "efdcd613ac98718578f9c563cd75fd38",
          "type": "projectModule"
        },
        {
          "assetId": "caTPwKxj5ZrD9LQ7DMdK4Z",
          "checksum": "da63876a1ab2ffe408f66af115d28c46",
          "type": "styleTokensProvider"
        }
      ],
      "codegenVersion": "0.0.2"
    },
    {
      "projectId": "8PtdGodUbexNYgkuyBUcWu",
      "version": "3.33.0",
      "dependencies": {},
      "lang": "ts",
      "fileLocks": [
        {
          "assetId": "8PtdGodUbexNYgkuyBUcWu",
          "checksum": "c34deae3be4116372b8f09a576ea3a01",
          "type": "globalContexts"
        },
        {
          "assetId": "8PtdGodUbexNYgkuyBUcWu",
          "type": "projectCss",
          "checksum": "d0036c38cf1abb3618c71ab68a296b2b"
        },
        {
          "assetId": "8PtdGodUbexNYgkuyBUcWu",
          "checksum": "23e35f9a7b22b3e265a5e7ef8ec77a00",
          "type": "projectModule"
        },
        {
          "assetId": "8PtdGodUbexNYgkuyBUcWu",
          "checksum": "e3a9e005a65ce098f4654b561c427772",
          "type": "styleTokensProvider"
        }
      ],
      "codegenVersion": "0.0.2"
    },
    {
      "projectId": "7nJ7UcFmq9UzB6eXfC5z4a",
      "version": "0.37.0",
      "dependencies": {},
      "lang": "ts",
      "fileLocks": [
        {
          "assetId": "7nJ7UcFmq9UzB6eXfC5z4a",
          "type": "projectCss",
          "checksum": "20d5916eb5143297f22e98d05d487965"
        },
        {
          "assetId": "7nJ7UcFmq9UzB6eXfC5z4a",
          "checksum": "7163d6064a75eb61d5378e18a09f8af8",
          "type": "projectModule"
        },
        {
          "assetId": "7nJ7UcFmq9UzB6eXfC5z4a",
          "checksum": "f21aaa776619fbffc67947416283c0e3",
          "type": "styleTokensProvider"
        }
      ],
      "codegenVersion": "0.0.2"
    },
    {
      "projectId": "cYtFYdVtykXpyPSmJwBtNk",
      "version": "latest",
      "dependencies": {
        "7nJ7UcFmq9UzB6eXfC5z4a": "0.37.0",
        "8PtdGodUbexNYgkuyBUcWu": "3.33.0",
        "caTPwKxj5ZrD9LQ7DMdK4Z": "3.47.0",
        "ohDidvG9XsCeFumugENU3J": "6.35.0"
      },
      "lang": "ts",
      "fileLocks": [
        {
          "type": "globalVariant",
          "assetId": "rbjbd6IxmKJB",
          "checksum": "cb6b4da09eac11c1152346ca13b6145d"
        },
        {
          "type": "globalVariant",
          "assetId": "0ExYue8SfpwG",
          "checksum": "d6927bbbadd4fbcd06fdeea5f8c26cbc"
        },
        {
          "assetId": "cYtFYdVtykXpyPSmJwBtNk",
          "checksum": "b9ca95f94ef6fa218f805a7e9fc7710b",
          "type": "globalContexts"
        },
        {
          "type": "renderModule",
          "assetId": "bJNR9igOVaPK",
          "checksum": "e79de5568c8a979786865989c2489655"
        },
        {
          "type": "cssRules",
          "assetId": "bJNR9igOVaPK",
          "checksum": "e79de5568c8a979786865989c2489655"
        },
        {
          "type": "renderModule",
          "assetId": "aDjabMHKUtEn",
          "checksum": "07eebb7f4dda0f120ff17f327f30d620"
        },
        {
          "type": "cssRules",
          "assetId": "aDjabMHKUtEn",
          "checksum": "07eebb7f4dda0f120ff17f327f30d620"
        },
        {
          "type": "renderModule",
          "assetId": "mniyWgBlKijO",
          "checksum": "e13c41a42b5418cdeb40e4138b9afefa"
        },
        {
          "type": "cssRules",
          "assetId": "mniyWgBlKijO",
          "checksum": "e13c41a42b5418cdeb40e4138b9afefa"
        },
        {
          "type": "icon",
          "assetId": "6MLaliudcYvo",
          "checksum": "1aeeea136db8c52e76ec8c7c3b96ad36"
        },
        {
          "type": "icon",
          "assetId": "Ms8D4f12n9A_",
          "checksum": "ed968418ee00d7b19b91dac5c01351fb"
        },
        {
          "type": "icon",
          "assetId": "NgfwO6JD23Bi",
          "checksum": "151d1db4b93ace551c7d1259cc896849"
        },
        {
          "type": "icon",
          "assetId": "CZU7z8w3sxZ0",
          "checksum": "11286d5a4e5d705b1fa6882bdc308db3"
        },
        {
          "type": "icon",
          "assetId": "BB-w_KCf6UAv",
          "checksum": "59df14b41d83888430299398697d5aec"
        },
        {
          "type": "icon",
          "assetId": "o3KzHha9Pnbs",
          "checksum": "7d84dca54fd475667adb2a3d267a11ea"
        },
        {
          "type": "icon",
          "assetId": "JPEIZI9z1SI8",
          "checksum": "88dfa089fd8682be35812852a54aceed"
        },
        {
          "type": "icon",
          "assetId": "LUlWJzYxMRmt",
          "checksum": "7e4cc5943e51b15634564c37fb449b20"
        },
        {
          "type": "icon",
          "assetId": "CPWmLTRjnwW6",
          "checksum": "c38b9bc33ada10093aedadf8a329a56f"
        },
        {
          "type": "icon",
          "assetId": "k1OOq3MIJ_hw",
          "checksum": "84a4d30552a06d2565a9f35a709b69bc"
        },
        {
          "type": "icon",
          "assetId": "wf9rHZdNgH9v",
          "checksum": "1d1e99594e7cc6596625a40c216f9737"
        },
        {
          "type": "icon",
          "assetId": "QlL3tTqfAw4N",
          "checksum": "d9e21bfce69e66c94d0c15420f7c5586"
        },
        {
          "type": "icon",
          "assetId": "RS4xpgiJxFif",
          "checksum": "02fb16d3a135cf36fbb71976e9fcd47c"
        },
        {
          "type": "icon",
          "assetId": "FenFes5YFI20",
          "checksum": "c58b67f8522f531fc704a8619e812c40"
        },
        {
          "type": "icon",
          "assetId": "RJ2yhi0BbV-9",
          "checksum": "52e2d2d5043891e01e9b37b769f00996"
        },
        {
          "type": "icon",
          "assetId": "KvGduKeCZY2H",
          "checksum": "15441c68c15c07c790e22865a1d38fe9"
        },
        {
          "type": "icon",
          "assetId": "hV2WvF1o6gdq",
          "checksum": "fba50bfc6a275d3962cf48127d28dda5"
        },
        {
          "type": "icon",
          "assetId": "9x1vHp9lYqz6",
          "checksum": "362afa659e54b8525cf1a621076620b6"
        },
        {
          "type": "icon",
          "assetId": "jDEtorsjlmyB",
          "checksum": "6061d80f3a65cacaa37cf4871a59e314"
        },
        {
          "type": "icon",
          "assetId": "pY9c0nhwq71X",
          "checksum": "b78b79c5cf37918874193fa6617eb15e"
        },
        {
          "type": "image",
          "assetId": "djWqOQWiSJ6m",
          "checksum": "f172bb2b47413d3efac325e48c8e4043"
        },
        {
          "type": "image",
          "assetId": "wuZmCHy26q1r",
          "checksum": "a3b15c51563f9ee7102dd2efd388448c"
        },
        {
          "type": "image",
          "assetId": "coZlLUTzvfr0",
          "checksum": "d08f5fab032d5eabc1285c3942c64568"
        },
        {
          "type": "image",
          "assetId": "DBixDHrUUHKe",
          "checksum": "93b8df3fe3e765706caeb36573e26e5c"
        },
        {
          "type": "image",
          "assetId": "e8U6m1rU39mU",
          "checksum": "7d8b15c736155c2e132748b1d8aeeda7"
        },
        {
          "type": "image",
          "assetId": "oGewDyAAosaG",
          "checksum": "58c92d88a4e62d7381034ee5260d22d1"
        },
        {
          "type": "image",
          "assetId": "EdWERgwjXYCL",
          "checksum": "89f3dff0f3d53f0a0358e1934a093c58"
        },
        {
          "type": "image",
          "assetId": "HLrDLpdOIWGX",
          "checksum": "4124fe36606cafcb9114ec35e8ae564d"
        },
        {
          "type": "image",
          "assetId": "NRlLcMVIVWBA",
          "checksum": "b7797bbea4f8483cc4a9549536d71267"
        },
        {
          "type": "image",
          "assetId": "R4cyAAdlwLnY",
          "checksum": "98f5c16220009e71ece00c803cc4159f"
        },
        {
          "type": "image",
          "assetId": "lv3ad4cjL4br",
          "checksum": "0f7ce618c225bbf6e4678a0c62d5720c"
        },
        {
          "type": "image",
          "assetId": "irAenAlDZebj",
          "checksum": "05a66aad4c35907a2770ff755b28f18b"
        },
        {
          "type": "image",
          "assetId": "iXZcbj4nO4lt",
          "checksum": "1c2297f7430b8a7d571a4e6fe1e62db7"
        },
        {
          "type": "image",
          "assetId": "vpPjDA0t4HIa",
          "checksum": "3f83ff80f7944fc67f1712dc35e7eb16"
        },
        {
          "type": "image",
          "assetId": "DCaMxE_Qnc5V",
          "checksum": "69870f2bcbc2ff22cbf0ef3f5e579ff9"
        },
        {
          "type": "image",
          "assetId": "NPXwPJhc5jUt",
          "checksum": "b5fb4c2f5e4d92b37f39a70153c3dd19"
        },
        {
          "type": "image",
          "assetId": "mYybFt-Cczt8",
          "checksum": "30e663bc0be0ffd2cbbf8fc106f99edf"
        },
        {
          "type": "image",
          "assetId": "er1ZcgiZ1RD_",
          "checksum": "f63d5eb37d152994182eb958ebfc467e"
        },
        {
          "type": "image",
          "assetId": "VBdk31IEKeRk",
          "checksum": "af84089009a8ceed6c36b683bedab7a6"
        },
        {
          "type": "image",
          "assetId": "1iAH3Kag_w61",
          "checksum": "16643a847f060add23d933794fc09981"
        },
        {
          "type": "image",
          "assetId": "GTrLD8kmvjbj",
          "checksum": "601bd6925f8eb7826ede9b92d5557686"
        },
        {
          "type": "image",
          "assetId": "GCfOYG6CVbnL",
          "checksum": "ab7c6e699031332bc6840fa8cc20797d"
        },
        {
          "type": "image",
          "assetId": "Xik2qV98wc32",
          "checksum": "4961132a32b28cdc648dce221180490f"
        },
        {
          "type": "image",
          "assetId": "wqSQjd1CQgJ2",
          "checksum": "ba636429ab44692a1907401b73a81bbd"
        },
        {
          "type": "image",
          "assetId": "OW5D628u5IqK",
          "checksum": "fa61fafd39ea9165485cfa106b69ff0c"
        },
        {
          "type": "image",
          "assetId": "wub2mdg6ftAP",
          "checksum": "f7b2d7150d1e5104fa8825a556912056"
        },
        {
          "type": "image",
          "assetId": "Tmpuh5URo4Vq",
          "checksum": "14b8b9aa43272ac2af345ed6088f2c9c"
        },
        {
          "type": "image",
          "assetId": "rIzybehLsp6T",
          "checksum": "462204fcbe1bea27e1f01472d9e61c89"
        },
        {
          "type": "image",
          "assetId": "xNefzakhFU3c",
          "checksum": "2ff9f618c78082f8400b69aed4edf56a"
        },
        {
          "type": "image",
          "assetId": "ed1G7kAScwUg",
          "checksum": "d5a4cdb66ce98944c46e6dc8e020d00f"
        },
        {
          "type": "image",
          "assetId": "lr8ucr5bBsSr",
          "checksum": "b356fa307718bff5b9b60dcfcd849555"
        },
        {
          "type": "image",
          "assetId": "jKiLRpn1yG_R",
          "checksum": "8f1a92368e1f3a1ad39ed1a06ad3fef7"
        },
        {
          "type": "image",
          "assetId": "Eq7XC8PRUVJD",
          "checksum": "3a63731f993279f375ba1b02388da15c"
        },
        {
          "type": "image",
          "assetId": "_T5BZFtRkj02",
          "checksum": "aa015d5e80be501fc1b28543053a495c"
        },
        {
          "type": "image",
          "assetId": "rMYVtquq_vFT",
          "checksum": "efb730a0b6b00b4ec9808cedcbd0418f"
        },
        {
          "type": "image",
          "assetId": "3IKND0lWtH8G",
          "checksum": "e0eeaea19562666f9221ae5f855f3b17"
        },
        {
          "type": "image",
          "assetId": "MfLtRw4xQgyz",
          "checksum": "7c9246c46dd1e2bc1067650c18d7a4ff"
        },
        {
          "type": "image",
          "assetId": "0LxHejLdhib3",
          "checksum": "d9f1d019382e6f325fc5bec3b3ddeb74"
        },
        {
          "type": "image",
          "assetId": "o4eTVB6nNrna",
          "checksum": "784a8b1c237656e7bc67568622166f6e"
        },
        {
          "type": "image",
          "assetId": "UNSq79jXtj9G",
          "checksum": "91141b7a1f3d8c7430949c66ca8c1ee0"
        },
        {
          "type": "icon",
          "assetId": "TIFQAripOqvN",
          "checksum": "f27da415078cdc38d6d22e1930d0dfc1"
        },
        {
          "type": "image",
          "assetId": "73wutvDJprTq",
          "checksum": "a6c8a81e6e3c0079a6fbd26f63711c22"
        },
        {
          "type": "image",
          "assetId": "UMMADQWEfSy7",
          "checksum": "b8cd979453b7626b3fdc2b0a31612717"
        },
        {
          "type": "image",
          "assetId": "H_iCVXNgHk-n",
          "checksum": "26c23db42c2fb99ced8e2c803168c384"
        },
        {
          "type": "image",
          "assetId": "97dy4Q_N4IPm",
          "checksum": "0c015522f6af9f5aaae828e7ee8d8558"
        },
        {
          "type": "image",
          "assetId": "vFe_JrvhxBbW",
          "checksum": "550b9c27a6a07063864a38fc16f3f333"
        },
        {
          "type": "image",
          "assetId": "qLB9R_jfHxzU",
          "checksum": "7024131c9b0b565662a65711f9e2dae3"
        },
        {
          "type": "image",
          "assetId": "rlKYKYsNU6Mj",
          "checksum": "b57fecb4a0119ba42752698b95e22b05"
        },
        {
          "type": "renderModule",
          "assetId": "OFtkLZGGIYrt",
          "checksum": "6c557d74db5c8f926460fb9aa12ced73"
        },
        {
          "type": "cssRules",
          "assetId": "OFtkLZGGIYrt",
          "checksum": "6c557d74db5c8f926460fb9aa12ced73"
        },
        {
          "type": "image",
          "assetId": "cAFMhGfl60de",
          "checksum": "8ce9c254a68c7db95cc661de488f8bcb"
        },
        {
          "assetId": "cYtFYdVtykXpyPSmJwBtNk",
          "type": "projectCss",
          "checksum": "e4379d4752d69a197d57552ee78bc517"
        },
        {
          "assetId": "cYtFYdVtykXpyPSmJwBtNk",
          "checksum": "93a87452059015194a9cd1a07701b975",
          "type": "projectModule"
        },
        {
          "assetId": "cYtFYdVtykXpyPSmJwBtNk",
          "checksum": "9d44785d3b177cf76cd8a75ff1610480",
          "type": "styleTokensProvider"
        },
        {
          "type": "image",
          "assetId": "adQE0m5L1QtJ",
          "checksum": "c8d1d1a6ac7eb8ca1d90a6ec4580a3fc"
        },
        {
          "type": "image",
          "assetId": "TvPJW3p6God0",
          "checksum": "62a47d9fee5cfc96de8882688508f956"
        },
        {
          "type": "image",
          "assetId": "O7g5xREIgHso",
          "checksum": "f4f85d263497df8ce226ce1e9971db85"
        },
        {
          "type": "image",
          "assetId": "ukmppsAc20C3",
          "checksum": "782623f0d29f60e35a139b9f10214f59"
        },
        {
          "type": "image",
          "assetId": "C8rSZ9Cw3hnK",
          "checksum": "35f085977a984d6b10f80c2379587e19"
        },
        {
          "type": "image",
          "assetId": "aeh-YO2VY0Ib",
          "checksum": "580076f0473ca675c46304189b6d44c3"
        },
        {
          "type": "image",
          "assetId": "h4YzW4oNdzHG",
          "checksum": "ed1331684f398b742562c11c2c4db2d3"
        },
        {
          "type": "image",
          "assetId": "mLMaOvCZxwH8",
          "checksum": "d66b0d7c3293f26aaf57c9eda6c83e2a"
        },
        {
          "type": "image",
          "assetId": "hzIZoJeiCkYN",
          "checksum": "02a0b8b65fd04f7267a44e997a071821"
        },
        {
          "type": "image",
          "assetId": "DhCUdE10zJYf",
          "checksum": "9520b6cf53382bbf8f93f1ea5560727b"
        },
        {
          "type": "image",
          "assetId": "F2OP_f4tq2C2",
          "checksum": "e23429c10586ea3694eaa491fe87bf34"
        },
        {
          "type": "image",
          "assetId": "69VLjqpk5cw8",
          "checksum": "53662b0920395a01685f36c78983f35e"
        },
        {
          "type": "image",
          "assetId": "-dycCDvzNjTr",
          "checksum": "5f62857601432fcc386dbc64e10ef55c"
        },
        {
          "type": "image",
          "assetId": "HsGucfuMFXSz",
          "checksum": "d12fd8da70d0fda9d2ca206e86c2b8a9"
        },
        {
          "type": "image",
          "assetId": "CCpKwmDXdWP8",
          "checksum": "1f7e1ffc9b69184e318678d40aa91d66"
        },
        {
          "type": "image",
          "assetId": "gOQwlyfiVZ5B",
          "checksum": "8ac86488e6732069d8e623732463c9e7"
        }
      ],
      "codegenVersion": "0.0.2"
    }
  ],
  "cliVersion": "0.1.338"
}
